// !$*UTF8*$!
{
	archiveVersion = 1;
	classes = {
	};
	objectVersion = 46;
	objects = {

/* Begin PBXBuildFile section */
		2B7D44A11DD639B1009707F5 /* main.m in Sources */ = {isa = PBXBuildFile; fileRef = 2B7D44A01DD639B1009707F5 /* main.m */; };
		2B7D44AC1DD639C2009707F5 /* optool-operations.m in Sources */ = {isa = PBXBuildFile; fileRef = 2B7D44A71DD639C2009707F5 /* optool-operations.m */; };
		2B7D44AD1DD639C2009707F5 /* NSData+Reading.m in Sources */ = {isa = PBXBuildFile; fileRef = 2B7D44A91DD639C2009707F5 /* NSData+Reading.m */; };
/* End PBXBuildFile section */

/* Begin PBXCopyFilesBuildPhase section */
		2B7D449B1DD639B1009707F5 /* CopyFiles */ = {
			isa = PBXCopyFilesBuildPhase;
			buildActionMask = 2147483647;
			dstPath = /usr/share/man/man1/;
			dstSubfolderSpec = 0;
			files = (
			);
			runOnlyForDeploymentPostprocessing = 1;
		};
/* End PBXCopyFilesBuildPhase section */

/* Begin PBXFileReference section */
		2B7D449D1DD639B1009707F5 /* insert_weak_dylib */ = {isa = PBXFileReference; explicitFileType = "compiled.mach-o.executable"; includeInIndex = 0; path = insert_weak_dylib; sourceTree = BUILT_PRODUCTS_DIR; };
		2B7D44A01DD639B1009707F5 /* main.m */ = {isa = PBXFileReference; lastKnownFileType = sourcecode.c.objc; path = main.m; sourceTree = "<group>"; };
		2B7D44A71DD639C2009707F5 /* optool-operations.m */ = {isa = PBXFileReference; fileEncoding = 4; lastKnownFileType = sourcecode.c.objc; path = "optool-operations.m"; sourceTree = "<group>"; };
		2B7D44A81DD639C2009707F5 /* NSData+Reading.h */ = {isa = PBXFileReference; fileEncoding = 4; lastKnownFileType = sourcecode.c.h; path = "NSData+Reading.h"; sourceTree = "<group>"; };
		2B7D44A91DD639C2009707F5 /* NSData+Reading.m */ = {isa = PBXFileReference; fileEncoding = 4; lastKnownFileType = sourcecode.c.objc; path = "NSData+Reading.m"; sourceTree = "<group>"; };
		2B7D44AA1DD639C2009707F5 /* optool-defines.h */ = {isa = PBXFileReference; fileEncoding = 4; lastKnownFileType = sourcecode.c.h; path = "optool-defines.h"; sourceTree = "<group>"; };
		2B7D44AB1DD639C2009707F5 /* optool-operations.h */ = {isa = PBXFileReference; fileEncoding = 4; lastKnownFileType = sourcecode.c.h; path = "optool-operations.h"; sourceTree = "<group>"; };
/* End PBXFileReference section */

/* Begin PBXFrameworksBuildPhase section */
		2B7D449A1DD639B1009707F5 /* Frameworks */ = {
			isa = PBXFrameworksBuildPhase;
			buildActionMask = 2147483647;
			files = (
			);
			runOnlyForDeploymentPostprocessing = 0;
		};
/* End PBXFrameworksBuildPhase section */

/* Begin PBXGroup section */
		2B7D44941DD639B1009707F5 = {
			isa = PBXGroup;
			children = (
				2B7D449F1DD639B1009707F5 /* insert_weak_dylib */,
				2B7D449E1DD639B1009707F5 /* Products */,
			);
			sourceTree = "<group>";
		};
		2B7D449E1DD639B1009707F5 /* Products */ = {
			isa = PBXGroup;
			children = (
				2B7D449D1DD639B1009707F5 /* insert_weak_dylib */,
			);
			name = Products;
			sourceTree = "<group>";
		};
		2B7D449F1DD639B1009707F5 /* insert_weak_dylib */ = {
			isa = PBXGroup;
			children = (
				2B7D44A01DD639B1009707F5 /* main.m */,
				2B7D44AB1DD639C2009707F5 /* optool-operations.h */,
				2B7D44A71DD639C2009707F5 /* optool-operations.m */,
				2B7D44A81DD639C2009707F5 /* NSData+Reading.h */,
				2B7D44A91DD639C2009707F5 /* NSData+Reading.m */,
				2B7D44AA1DD639C2009707F5 /* optool-defines.h */,
			);
			path = insert_weak_dylib;
			sourceTree = "<group>";
		};
/* End PBXGroup section */

/* Begin PBXNativeTarget section */
		2B7D449C1DD639B1009707F5 /* insert_weak_dylib */ = {
			isa = PBXNativeTarget;
			buildConfigurationList = 2B7D44A41DD639B1009707F5 /* Build configuration list for PBXNativeTarget "insert_weak_dylib" */;
			buildPhases = (
				2B7D44991DD639B1009707F5 /* Sources */,
				2B7D449A1DD639B1009707F5 /* Frameworks */,
				2B7D449B1DD639B1009707F5 /* CopyFiles */,
			);
			buildRules = (
			);
			dependencies = (
			);
			name = insert_weak_dylib;
			productName = insert_weak_dylib;
			productReference = 2B7D449D1DD639B1009707F5 /* insert_weak_dylib */;
			productType = "com.apple.product-type.tool";
		};
/* End PBXNativeTarget section */

/* Begin PBXProject section */
		2B7D44951DD639B1009707F5 /* Project object */ = {
			isa = PBXProject;
			attributes = {
				LastUpgradeCheck = 0800;
				ORGANIZATIONNAME = simplydesigner;
				TargetAttributes = {
					2B7D449C1DD639B1009707F5 = {
						CreatedOnToolsVersion = 8.0;
						ProvisioningStyle = Automatic;
					};
				};
			};
			buildConfigurationList = 2B7D44981DD639B1009707F5 /* Build configuration list for PBXProject "insert_weak_dylib" */;
			compatibilityVersion = "Xcode 3.2";
			developmentRegion = English;
			hasScannedForEncodings = 0;
			knownRegions = (
				en,
			);
			mainGroup = 2B7D44941DD639B1009707F5;
			productRefGroup = 2B7D449E1DD639B1009707F5 /* Products */;
			projectDirPath = "";
			projectRoot = "";
			targets = (
				2B7D449C1DD639B1009707F5 /* insert_weak_dylib */,
			);
		};
/* End PBXProject section */

/* Begin PBXSourcesBuildPhase section */
		2B7D44991DD639B1009707F5 /* Sources */ = {
			isa = PBXSourcesBuildPhase;
			buildActionMask = 2147483647;
			files = (
				2B7D44AD1DD639C2009707F5 /* NSData+Reading.m in Sources */,
				2B7D44AC1DD639C2009707F5 /* optool-operations.m in Sources */,
				2B7D44A11DD639B1009707F5 /* main.m in Sources */,
			);
			runOnlyForDeploymentPostprocessing = 0;
		};
/* End PBXSourcesBuildPhase section */

/* Begin XCBuildConfiguration section */
		2B7D44A21DD639B1009707F5 /* Debug */ = {
			isa = XCBuildConfiguration;
			buildSettings = {
				ALWAYS_SEARCH_USER_PATHS = NO;
				CLANG_ANALYZER_NONNULL = YES;
				CLANG_CXX_LANGUAGE_STANDARD = "gnu++0x";
				CLANG_CXX_LIBRARY = "libc++";
				CLANG_ENABLE_MODULES = YES;
				CLANG_ENABLE_OBJC_ARC = YES;
				CLANG_WARN_BOOL_CONVERSION = YES;
				CLANG_WARN_CONSTANT_CONVERSION = YES;
				CLANG_WARN_DIRECT_OBJC_ISA_USAGE = YES_ERROR;
				CLANG_WARN_DOCUMENTATION_COMMENTS = YES;
				CLANG_WARN_EMPTY_BODY = YES;
				CLANG_WARN_ENUM_CONVERSION = YES;
				CLANG_WARN_INFINITE_RECURSION = YES;
				CLANG_WARN_INT_CONVERSION = YES;
				CLANG_WARN_OBJC_ROOT_CLASS = YES_ERROR;
				CLANG_WARN_SUSPICIOUS_MOVES = YES;
				CLANG_WARN_UNREACHABLE_CODE = YES;
				CLANG_WARN__DUPLICATE_METHOD_MATCH = YES;
				CODE_SIGN_IDENTITY = "-";
				COPY_PHASE_STRIP = NO;
				DEBUG_INFORMATION_FORMAT = dwarf;
				ENABLE_STRICT_OBJC_MSGSEND = YES;
				ENABLE_TESTABILITY = YES;
				GCC_C_LANGUAGE_STANDARD = gnu99;
				GCC_DYNAMIC_NO_PIC = NO;
				GCC_NO_COMMON_BLOCKS = YES;
				GCC_OPTIMIZATION_LEVEL = 0;
				GCC_PREPROCESSOR_DEFINITIONS = (
					"DEBUG=1",
					"$(inherited)",
				);
				GCC_WARN_64_TO_32_BIT_CONVERSION = YES;
				GCC_WARN_ABOUT_RETURN_TYPE = YES_ERROR;
				GCC_WARN_UNDECLARED_SELECTOR = YES;
				GCC_WARN_UNINITIALIZED_AUTOS = YES_AGGRESSIVE;
				GCC_WARN_UNUSED_FUNCTION = YES;
				GCC_WARN_UNUSED_VARIABLE = YES;
				MACOSX_DEPLOYMENT_TARGET = 10.11;
				MTL_ENABLE_DEBUG_INFO = YES;
				ONLY_ACTIVE_ARCH = YES;
				SDKROOT = macosx;
			};
			name = Debug;
		};
		2B7D44A31DD639B1009707F5 /* Release */ = {
			isa = XCBuildConfiguration;
			buildSettings = {
				ALWAYS_SEARCH_USER_PATHS = NO;
				CLANG_ANALYZER_NONNULL = YES;
				CLANG_CXX_LANGUAGE_STANDARD = "gnu++0x";
				CLANG_CXX_LIBRARY = "libc++";
				CLANG_ENABLE_MODULES = YES;
				CLANG_ENABLE_OBJC_ARC = YES;
				CLANG_WARN_BOOL_CONVERSION = YES;
				CLANG_WARN_CONSTANT_CONVERSION = YES;
				CLANG_WARN_DIRECT_OBJC_ISA_USAGE = YES_ERROR;
				CLANG_WARN_DOCUMENTATION_COMMENTS = YES;
				CLANG_WARN_EMPTY_BODY = YES;
				CLANG_WARN_ENUM_CONVERSION = YES;
				CLANG_WARN_INFINITE_RECURSION = YES;
				CLANG_WARN_INT_CONVERSION = YES;
				CLANG_WARN_OBJC_ROOT_CLASS = YES_ERROR;
				CLANG_WARN_SUSPICIOUS_MOVES = YES;
				CLANG_WARN_UNREACHABLE_CODE = YES;
				CLANG_WARN__DUPLICATE_METHOD_MATCH = YES;
				CODE_SIGN_IDENTITY = "-";
				COPY_PHASE_STRIP = NO;
				DEBUG_INFORMATION_FORMAT = "dwarf-with-dsym";
				ENABLE_NS_ASSERTIONS = NO;
				ENABLE_STRICT_OBJC_MSGSEND = YES;
				GCC_C_LANGUAGE_STANDARD = gnu99;
				GCC_NO_COMMON_BLOCKS = YES;
				GCC_WARN_64_TO_32_BIT_CONVERSION = YES;
				GCC_WARN_ABOUT_RETURN_TYPE = YES_ERROR;
				GCC_WARN_UNDECLARED_SELECTOR = YES;
				GCC_WARN_UNINITIALIZED_AUTOS = YES_AGGRESSIVE;
				GCC_WARN_UNUSED_FUNCTION = YES;
				GCC_WARN_UNUSED_VARIABLE = YES;
				MACOSX_DEPLOYMENT_TARGET = 10.11;
				MTL_ENABLE_DEBUG_INFO = NO;
				SDKROOT = macosx;
			};
			name = Release;
		};
		2B7D44A51DD639B1009707F5 /* Debug */ = {
			isa = XCBuildConfiguration;
			buildSettings = {
				CODE_SIGN_IDENTITY = "";
				PRODUCT_NAME = "$(TARGET_NAME)";
			};
			name = Debug;
		};
		2B7D44A61DD639B1009707F5 /* Release */ = {
			isa = XCBuildConfiguration;
			buildSettings = {
				CODE_SIGN_IDENTITY = "";
				PRODUCT_NAME = "$(TARGET_NAME)";
			};
			name = Release;
		};
/* End XCBuildConfiguration section */

/* Begin XCConfigurationList section */
		2B7D44981DD639B1009707F5 /* Build configuration list for PBXProject "insert_weak_dylib" */ = {
			isa = XCConfigurationList;
			buildConfigurations = (
				2B7D44A21DD639B1009707F5 /* Debug */,
				2B7D44A31DD639B1009707F5 /* Release */,
			);
			defaultConfigurationIsVisible = 0;
			defaultConfigurationName = Release;
		};
		2B7D44A41DD639B1009707F5 /* Build configuration list for PBXNativeTarget "insert_weak_dylib" */ = {
			isa = XCConfigurationList;
			buildConfigurations = (
				2B7D44A51DD639B1009707F5 /* Debug */,
				2B7D44A61DD639B1009707F5 /* Release */,
			);
			defaultConfigurationIsVisible = 0;
		};
/* End XCConfigurationList section */
	};
	rootObject = 2B7D44951DD639B1009707F5 /* Project object */;
}
